
Microsoft Visual Studio Solution File, Format Version 12.00
# Visual Studio Version 17
VisualStudioVersion = 17.4.33213.308
MinimumVisualStudioVersion = 10.0.40219.1
Project("{2150E333-8FDC-42A3-9474-1A3956D46DE8}") = "Services", "Services", "{5C2FCA68-09C8-45CF-9AD1-1C9BD3921812}"
EndProject
Project("{2150E333-8FDC-42A3-9474-1A3956D46DE8}") = "Catalog", "Catalog", "{CAA33BC3-2119-44F7-B748-57E473200A51}"
EndProject
Project("{FAE04EC0-301F-11D3-BF4B-00C04F79EFBC}") = "Catalog.API", "Services\Catalog\Catalog.API\Catalog.API.csproj", "{420C8CC0-99E9-4343-A11A-0492F365E512}"
EndProject
Global
	GlobalSection(SolutionConfigurationPlatforms) = preSolution
		Debug|Any CPU = Debug|Any CPU
		Release|Any CPU = Release|Any CPU
	EndGlobalSection
	GlobalSection(ProjectConfigurationPlatforms) = postSolution
		{420C8CC0-99E9-4343-A11A-0492F365E512}.Debug|Any CPU.ActiveCfg = Debug|Any CPU
		{420C8CC0-99E9-4343-A11A-0492F365E512}.Debug|Any CPU.Build.0 = Debug|Any CPU
		{420C8CC0-99E9-4343-A11A-0492F365E512}.Release|Any CPU.ActiveCfg = Release|Any CPU
		{420C8CC0-99E9-4343-A11A-0492F365E512}.Release|Any CPU.Build.0 = Release|Any CPU
	EndGlobalSection
	GlobalSection(SolutionProperties) = preSolution
		HideSolutionNode = FALSE
	EndGlobalSection
	GlobalSection(NestedProjects) = preSolution
		{CAA33BC3-2119-44F7-B748-57E473200A51} = {5C2FCA68-09C8-45CF-9AD1-1C9BD3921812}
		{420C8CC0-99E9-4343-A11A-0492F365E512} = {CAA33BC3-2119-44F7-B748-57E473200A51}
	EndGlobalSection
	GlobalSection(ExtensibilityGlobals) = postSolution
		SolutionGuid = {5A1DDE96-E7A0-4AA2-A266-469C543D801D}
	EndGlobalSection
EndGlobal
